lockfileVersion: '9.0'

settings:
  autoInstallPeers: true
  excludeLinksFromLockfile: false

importers:

  .:
    dependencies:
      tailwind-scrollbar:
        specifier: ^4.0.2
        version: 4.0.2(react@19.1.0)(tailwindcss@4.1.5)

packages:

  '@types/prismjs@1.26.5':
    resolution: {integrity: sha512-AUZTa7hQ2KY5L7AmtSiqxlhWxb4ina0yd8hNbl4TWuqnv/pFP0nDMb3YrfSBf4hJVGLh2YEIBfKaBW/9UEl6IQ==}

  clsx@2.1.1:
    resolution: {integrity: sha512-eYm0QWBtUrBWZWG0d386OGAw16Z995PiOVo2B7bjWSbHedGl5e0ZWaq65kOGgUSNesEIDkB9ISbTg/JK9dhCZA==}
    engines: {node: '>=6'}

  prism-react-renderer@2.4.1:
    resolution: {integrity: sha512-ey8Ls/+Di31eqzUxC46h8MksNuGx/n0AAC8uKpwFau4RPDYLuE3EXTp8N8G2vX2N7UC/+IXeNUnlWBGGcAG+Ig==}
    peerDependencies:
      react: '>=16.0.0'

  react@19.1.0:
    resolution: {integrity: sha512-FS+XFBNvn3GTAWq26joslQgWNoFu08F4kl0J4CgdNKADkdSGXQyTCnKteIAJy96Br6YbpEU1LSzV5dYtjMkMDg==}
    engines: {node: '>=0.10.0'}

  tailwind-scrollbar@4.0.2:
    resolution: {integrity: sha512-wAQiIxAPqk0MNTPptVe/xoyWi27y+NRGnTwvn4PQnbvB9kp8QUBiGl/wsfoVBHnQxTmhXJSNt9NHTmcz9EivFA==}
    engines: {node: '>=12.13.0'}
    peerDependencies:
      tailwindcss: 4.x

  tailwindcss@4.1.5:
    resolution: {integrity: sha512-nYtSPfWGDiWgCkwQG/m+aX83XCwf62sBgg3bIlNiiOcggnS1x3uVRDAuyelBFL+vJdOPPCGElxv9DjHJjRHiVA==}

snapshots:

  '@types/prismjs@1.26.5': {}

  clsx@2.1.1: {}

  prism-react-renderer@2.4.1(react@19.1.0):
    dependencies:
      '@types/prismjs': 1.26.5
      clsx: 2.1.1
      react: 19.1.0

  react@19.1.0: {}

  tailwind-scrollbar@4.0.2(react@19.1.0)(tailwindcss@4.1.5):
    dependencies:
      prism-react-renderer: 2.4.1(react@19.1.0)
      tailwindcss: 4.1.5
    transitivePeerDependencies:
      - react

  tailwindcss@4.1.5: {}
